# generated by rye
# use `rye lock` or `rye sync` to update this lockfile
#
# last locked with the following flags:
#   pre: false
#   features: []
#   all-features: false
#   with-sources: false
#   generate-hashes: false
#   universal: false

-e file:.
aiobotocore==2.16.0
    # via s3fs
aiohappyeyeballs==2.4.4
    # via aiohttp
aiohttp==3.11.10
    # via aiobotocore
    # via s3fs
aioitertools==0.12.0
    # via aiobotocore
aiosignal==1.3.2
    # via aiohttp
attrs==24.3.0
    # via aiohttp
botocore==1.35.81
    # via aiobotocore
duckdb==1.1.3
    # via pydala2
frozenlist==1.5.0
    # via aiohttp
    # via aiosignal
fsspec==2024.10.0
    # via s3fs
idna==3.10
    # via yarl
jmespath==1.0.1
    # via botocore
joblib==1.4.2
    # via pydala2
loguru==0.7.3
    # via pydala2
multidict==6.1.0
    # via aiohttp
    # via yarl
munch==4.0.0
    # via pydala2
numpy==2.2.0
    # via pandas
orjson==3.10.12
    # via pydala2
pandas==2.2.3
    # via pydala2
pendulum==3.0.0
    # via pydala2
propcache==0.2.1
    # via aiohttp
    # via yarl
psutil==6.1.0
    # via pydala2
pyarrow==18.1.0
    # via pydala2
python-dateutil==2.9.0.post0
    # via botocore
    # via pandas
    # via pendulum
    # via time-machine
pytz==2024.2
    # via pandas
pyyaml==6.0.2
    # via pydala2
s3fs==2024.10.0
    # via pydala2
six==1.17.0
    # via python-dateutil
sqlglot==26.0.0
    # via pydala2
sqlparse==0.5.3
    # via pydala2
time-machine==2.16.0
    # via pendulum
tqdm==4.67.1
    # via pydala2
tzdata==2024.2
    # via pandas
    # via pendulum
urllib3==2.2.3
    # via botocore
wrapt==1.17.0
    # via aiobotocore
yarl==1.18.3
    # via aiohttp
